// !$*UTF8*$!
{
	archiveVersion = 1;
	classes = {
	};
	objectVersion = 56;
	objects = {

/* Begin PBXBuildFile section */
		471A4DAC2C3976FA006B2F95 /* CoreDataFavoriteService.swift in Sources */ = {isa = PBXBuildFile; fileRef = 471A4DAB2C3976FA006B2F95 /* CoreDataFavoriteService.swift */; };
		471A4DB32C397777006B2F95 /* FavoriteArticleCD+CoreDataClass.swift in Sources */ = {isa = PBXBuildFile; fileRef = 471A4DB12C397777006B2F95 /* FavoriteArticleCD+CoreDataClass.swift */; };
		471A4DB42C397777006B2F95 /* FavoriteArticleCD+CoreDataProperties.swift in Sources */ = {isa = PBXBuildFile; fileRef = 471A4DB22C397777006B2F95 /* FavoriteArticleCD+CoreDataProperties.swift */; };
		471A4DB62C3977E2006B2F95 /* CoreDataStack.swift in Sources */ = {isa = PBXBuildFile; fileRef = 471A4DB52C3977E2006B2F95 /* CoreDataStack.swift */; };
		471A4DB82C397E5C006B2F95 /* CreateFavoriteArticleModel.swift in Sources */ = {isa = PBXBuildFile; fileRef = 471A4DB72C397E5C006B2F95 /* CreateFavoriteArticleModel.swift */; };
		471A4DBA2C3997DA006B2F95 /* Notifications.swift in Sources */ = {isa = PBXBuildFile; fileRef = 471A4DB92C3997DA006B2F95 /* Notifications.swift */; };
		473E30EE2C37128400A75CEA /* TabBarController.swift in Sources */ = {isa = PBXBuildFile; fileRef = 473E30ED2C37128400A75CEA /* TabBarController.swift */; };
		473E30F22C37132500A75CEA /* FavoritesViewController.swift in Sources */ = {isa = PBXBuildFile; fileRef = 473E30F12C37132500A75CEA /* FavoritesViewController.swift */; };
		473E30F72C371CAD00A75CEA /* FavoritesPresenter.swift in Sources */ = {isa = PBXBuildFile; fileRef = 473E30F62C371CAD00A75CEA /* FavoritesPresenter.swift */; };
		473E30F92C371CBA00A75CEA /* FavoritesModel.swift in Sources */ = {isa = PBXBuildFile; fileRef = 473E30F82C371CBA00A75CEA /* FavoritesModel.swift */; };
		473E30FB2C371CC900A75CEA /* FavoritesProtocol.swift in Sources */ = {isa = PBXBuildFile; fileRef = 473E30FA2C371CC900A75CEA /* FavoritesProtocol.swift */; };
		473E30FE2C371EC700A75CEA /* FavoritesView.swift in Sources */ = {isa = PBXBuildFile; fileRef = 473E30FD2C371EC700A75CEA /* FavoritesView.swift */; };
		476FFF732C31AF5F00CF8746 /* SearchArticleService.swift in Sources */ = {isa = PBXBuildFile; fileRef = 476FFF722C31AF5F00CF8746 /* SearchArticleService.swift */; };
		476FFF752C31AF8C00CF8746 /* GetArticleByQuery.swift in Sources */ = {isa = PBXBuildFile; fileRef = 476FFF742C31AF8C00CF8746 /* GetArticleByQuery.swift */; };
		476FFF792C31BDAE00CF8746 /* Pagination.swift in Sources */ = {isa = PBXBuildFile; fileRef = 476FFF782C31BDAE00CF8746 /* Pagination.swift */; };
		47BE3B432C304A1A005B1120 /* AppDelegate.swift in Sources */ = {isa = PBXBuildFile; fileRef = 47BE3B422C304A1A005B1120 /* AppDelegate.swift */; };
		47BE3B452C304A1A005B1120 /* SceneDelegate.swift in Sources */ = {isa = PBXBuildFile; fileRef = 47BE3B442C304A1A005B1120 /* SceneDelegate.swift */; };
		47BE3B4A2C304A1A005B1120 /* Main.storyboard in Resources */ = {isa = PBXBuildFile; fileRef = 47BE3B482C304A1A005B1120 /* Main.storyboard */; };
		47BE3B4D2C304A1A005B1120 /* NewsApp.xcdatamodeld in Sources */ = {isa = PBXBuildFile; fileRef = 47BE3B4B2C304A1A005B1120 /* NewsApp.xcdatamodeld */; };
		47BE3B4F2C304A1B005B1120 /* Assets.xcassets in Resources */ = {isa = PBXBuildFile; fileRef = 47BE3B4E2C304A1B005B1120 /* Assets.xcassets */; };
		47BE3B522C304A1B005B1120 /* LaunchScreen.storyboard in Resources */ = {isa = PBXBuildFile; fileRef = 47BE3B502C304A1B005B1120 /* LaunchScreen.storyboard */; };
		47BE3B5B2C304F0F005B1120 /* Config.swift in Sources */ = {isa = PBXBuildFile; fileRef = 47BE3B5A2C304F0F005B1120 /* Config.swift */; };
		47BE3B5E2C305023005B1120 /* APIClient.swift in Sources */ = {isa = PBXBuildFile; fileRef = 47BE3B5D2C305023005B1120 /* APIClient.swift */; };
		47BE3B612C305105005B1120 /* TopHeadlinesService.swift in Sources */ = {isa = PBXBuildFile; fileRef = 47BE3B602C305105005B1120 /* TopHeadlinesService.swift */; };
		47BE3B632C30517F005B1120 /* GetTopHeadlinesEndpoint.swift in Sources */ = {isa = PBXBuildFile; fileRef = 47BE3B622C30517F005B1120 /* GetTopHeadlinesEndpoint.swift */; };
		47BE3B672C3052D9005B1120 /* TopHeadlines.swift in Sources */ = {isa = PBXBuildFile; fileRef = 47BE3B662C3052D9005B1120 /* TopHeadlines.swift */; };
		47D9DF362C305B63007AA452 /* MainModel.swift in Sources */ = {isa = PBXBuildFile; fileRef = 47D9DF352C305B63007AA452 /* MainModel.swift */; };
		47D9DF3A2C305B7F007AA452 /* MainViewContoller.swift in Sources */ = {isa = PBXBuildFile; fileRef = 47D9DF392C305B7F007AA452 /* MainViewContoller.swift */; };
		47D9DF3C2C305C45007AA452 /* MainView.swift in Sources */ = {isa = PBXBuildFile; fileRef = 47D9DF3B2C305C45007AA452 /* MainView.swift */; };
		47D9DF3F2C305CA6007AA452 /* MainProtocols.swift in Sources */ = {isa = PBXBuildFile; fileRef = 47D9DF3E2C305CA6007AA452 /* MainProtocols.swift */; };
		47D9DF412C305D10007AA452 /* MainPresenter.swift in Sources */ = {isa = PBXBuildFile; fileRef = 47D9DF402C305D10007AA452 /* MainPresenter.swift */; };
		47D9DF452C306101007AA452 /* ArticleTableViewCell.swift in Sources */ = {isa = PBXBuildFile; fileRef = 47D9DF442C306101007AA452 /* ArticleTableViewCell.swift */; };
		47D9DF482C306414007AA452 /* ArticleTableViewCellModel.swift in Sources */ = {isa = PBXBuildFile; fileRef = 47D9DF472C306414007AA452 /* ArticleTableViewCellModel.swift */; };
		47D9DF4E2C3068A1007AA452 /* UIImageView+LoadImage.swift in Sources */ = {isa = PBXBuildFile; fileRef = 47D9DF4D2C3068A1007AA452 /* UIImageView+LoadImage.swift */; };
/* End PBXBuildFile section */

/* Begin PBXFileReference section */
		471A4DAB2C3976FA006B2F95 /* CoreDataFavoriteService.swift */ = {isa = PBXFileReference; lastKnownFileType = sourcecode.swift; path = CoreDataFavoriteService.swift; sourceTree = "<group>"; };
		471A4DB12C397777006B2F95 /* FavoriteArticleCD+CoreDataClass.swift */ = {isa = PBXFileReference; fileEncoding = 4; lastKnownFileType = sourcecode.swift; path = "FavoriteArticleCD+CoreDataClass.swift"; sourceTree = "<group>"; };
		471A4DB22C397777006B2F95 /* FavoriteArticleCD+CoreDataProperties.swift */ = {isa = PBXFileReference; fileEncoding = 4; lastKnownFileType = sourcecode.swift; path = "FavoriteArticleCD+CoreDataProperties.swift"; sourceTree = "<group>"; };
		471A4DB52C3977E2006B2F95 /* CoreDataStack.swift */ = {isa = PBXFileReference; lastKnownFileType = sourcecode.swift; path = CoreDataStack.swift; sourceTree = "<group>"; };
		471A4DB72C397E5C006B2F95 /* CreateFavoriteArticleModel.swift */ = {isa = PBXFileReference; lastKnownFileType = sourcecode.swift; path = CreateFavoriteArticleModel.swift; sourceTree = "<group>"; };
		471A4DB92C3997DA006B2F95 /* Notifications.swift */ = {isa = PBXFileReference; lastKnownFileType = sourcecode.swift; path = Notifications.swift; sourceTree = "<group>"; };
		473E30ED2C37128400A75CEA /* TabBarController.swift */ = {isa = PBXFileReference; lastKnownFileType = sourcecode.swift; path = TabBarController.swift; sourceTree = "<group>"; };
		473E30F12C37132500A75CEA /* FavoritesViewController.swift */ = {isa = PBXFileReference; lastKnownFileType = sourcecode.swift; path = FavoritesViewController.swift; sourceTree = "<group>"; };
		473E30F62C371CAD00A75CEA /* FavoritesPresenter.swift */ = {isa = PBXFileReference; lastKnownFileType = sourcecode.swift; path = FavoritesPresenter.swift; sourceTree = "<group>"; };
		473E30F82C371CBA00A75CEA /* FavoritesModel.swift */ = {isa = PBXFileReference; lastKnownFileType = sourcecode.swift; path = FavoritesModel.swift; sourceTree = "<group>"; };
		473E30FA2C371CC900A75CEA /* FavoritesProtocol.swift */ = {isa = PBXFileReference; lastKnownFileType = sourcecode.swift; path = FavoritesProtocol.swift; sourceTree = "<group>"; };
		473E30FD2C371EC700A75CEA /* FavoritesView.swift */ = {isa = PBXFileReference; lastKnownFileType = sourcecode.swift; path = FavoritesView.swift; sourceTree = "<group>"; };
		476FFF722C31AF5F00CF8746 /* SearchArticleService.swift */ = {isa = PBXFileReference; lastKnownFileType = sourcecode.swift; path = SearchArticleService.swift; sourceTree = "<group>"; };
		476FFF742C31AF8C00CF8746 /* GetArticleByQuery.swift */ = {isa = PBXFileReference; lastKnownFileType = sourcecode.swift; path = GetArticleByQuery.swift; sourceTree = "<group>"; };
		476FFF782C31BDAE00CF8746 /* Pagination.swift */ = {isa = PBXFileReference; lastKnownFileType = sourcecode.swift; path = Pagination.swift; sourceTree = "<group>"; };
		47BE3B3F2C304A1A005B1120 /* NewsApp.app */ = {isa = PBXFileReference; explicitFileType = wrapper.application; includeInIndex = 0; path = NewsApp.app; sourceTree = BUILT_PRODUCTS_DIR; };
		47BE3B422C304A1A005B1120 /* AppDelegate.swift */ = {isa = PBXFileReference; lastKnownFileType = sourcecode.swift; path = AppDelegate.swift; sourceTree = "<group>"; };
		47BE3B442C304A1A005B1120 /* SceneDelegate.swift */ = {isa = PBXFileReference; lastKnownFileType = sourcecode.swift; path = SceneDelegate.swift; sourceTree = "<group>"; };
		47BE3B492C304A1A005B1120 /* Base */ = {isa = PBXFileReference; lastKnownFileType = file.storyboard; name = Base; path = Base.lproj/Main.storyboard; sourceTree = "<group>"; };
		47BE3B4C2C304A1A005B1120 /* NewsApp.xcdatamodel */ = {isa = PBXFileReference; lastKnownFileType = wrapper.xcdatamodel; path = NewsApp.xcdatamodel; sourceTree = "<group>"; };
		47BE3B4E2C304A1B005B1120 /* Assets.xcassets */ = {isa = PBXFileReference; lastKnownFileType = folder.assetcatalog; path = Assets.xcassets; sourceTree = "<group>"; };
		47BE3B512C304A1B005B1120 /* Base */ = {isa = PBXFileReference; lastKnownFileType = file.storyboard; name = Base; path = Base.lproj/LaunchScreen.storyboard; sourceTree = "<group>"; };
		47BE3B532C304A1B005B1120 /* Info.plist */ = {isa = PBXFileReference; lastKnownFileType = text.plist.xml; path = Info.plist; sourceTree = "<group>"; };
		47BE3B5A2C304F0F005B1120 /* Config.swift */ = {isa = PBXFileReference; lastKnownFileType = sourcecode.swift; path = Config.swift; sourceTree = "<group>"; };
		47BE3B5D2C305023005B1120 /* APIClient.swift */ = {isa = PBXFileReference; lastKnownFileType = sourcecode.swift; path = APIClient.swift; sourceTree = "<group>"; };
		47BE3B602C305105005B1120 /* TopHeadlinesService.swift */ = {isa = PBXFileReference; lastKnownFileType = sourcecode.swift; path = TopHeadlinesService.swift; sourceTree = "<group>"; };
		47BE3B622C30517F005B1120 /* GetTopHeadlinesEndpoint.swift */ = {isa = PBXFileReference; lastKnownFileType = sourcecode.swift; path = GetTopHeadlinesEndpoint.swift; sourceTree = "<group>"; };
		47BE3B662C3052D9005B1120 /* TopHeadlines.swift */ = {isa = PBXFileReference; lastKnownFileType = sourcecode.swift; path = TopHeadlines.swift; sourceTree = "<group>"; };
		47D9DF352C305B63007AA452 /* MainModel.swift */ = {isa = PBXFileReference; lastKnownFileType = sourcecode.swift; path = MainModel.swift; sourceTree = "<group>"; };
		47D9DF392C305B7F007AA452 /* MainViewContoller.swift */ = {isa = PBXFileReference; lastKnownFileType = sourcecode.swift; path = MainViewContoller.swift; sourceTree = "<group>"; };
		47D9DF3B2C305C45007AA452 /* MainView.swift */ = {isa = PBXFileReference; lastKnownFileType = sourcecode.swift; path = MainView.swift; sourceTree = "<group>"; };
		47D9DF3E2C305CA6007AA452 /* MainProtocols.swift */ = {isa = PBXFileReference; lastKnownFileType = sourcecode.swift; path = MainProtocols.swift; sourceTree = "<group>"; };
		47D9DF402C305D10007AA452 /* MainPresenter.swift */ = {isa = PBXFileReference; lastKnownFileType = sourcecode.swift; path = MainPresenter.swift; sourceTree = "<group>"; };
		47D9DF442C306101007AA452 /* ArticleTableViewCell.swift */ = {isa = PBXFileReference; lastKnownFileType = sourcecode.swift; path = ArticleTableViewCell.swift; sourceTree = "<group>"; };
		47D9DF472C306414007AA452 /* ArticleTableViewCellModel.swift */ = {isa = PBXFileReference; lastKnownFileType = sourcecode.swift; path = ArticleTableViewCellModel.swift; sourceTree = "<group>"; };
		47D9DF4D2C3068A1007AA452 /* UIImageView+LoadImage.swift */ = {isa = PBXFileReference; lastKnownFileType = sourcecode.swift; path = "UIImageView+LoadImage.swift"; sourceTree = "<group>"; };
/* End PBXFileReference section */

/* Begin PBXFrameworksBuildPhase section */
		47BE3B3C2C304A1A005B1120 /* Frameworks */ = {
			isa = PBXFrameworksBuildPhase;
			buildActionMask = 2147483647;
			files = (
			);
			runOnlyForDeploymentPostprocessing = 0;
		};
/* End PBXFrameworksBuildPhase section */

/* Begin PBXGroup section */
		471A4DA92C397513006B2F95 /* CoreData */ = {
			isa = PBXGroup;
			children = (
				471A4DAB2C3976FA006B2F95 /* CoreDataFavoriteService.swift */,
				471A4DB52C3977E2006B2F95 /* CoreDataStack.swift */,
			);
			path = CoreData;
			sourceTree = "<group>";
		};
		471A4DAA2C3976E9006B2F95 /* CoreData */ = {
			isa = PBXGroup;
			children = (
				471A4DB12C397777006B2F95 /* FavoriteArticleCD+CoreDataClass.swift */,
				471A4DB22C397777006B2F95 /* FavoriteArticleCD+CoreDataProperties.swift */,
			);
			path = CoreData;
			sourceTree = "<group>";
		};
		473E30EC2C37127500A75CEA /* Navigation */ = {
			isa = PBXGroup;
			children = (
				473E30ED2C37128400A75CEA /* TabBarController.swift */,
			);
			path = Navigation;
			sourceTree = "<group>";
		};
		473E30EF2C3712EC00A75CEA /* Favorites */ = {
			isa = PBXGroup;
			children = (
				473E30FC2C371EB800A75CEA /* View */,
				473E30F52C371C6100A75CEA /* Presenter */,
				473E30F42C371C5A00A75CEA /* Model */,
				473E30F32C371C5100A75CEA /* Protocols */,
				473E30F02C37130800A75CEA /* ViewControllers */,
			);
			path = Favorites;
			sourceTree = "<group>";
		};
		473E30F02C37130800A75CEA /* ViewControllers */ = {
			isa = PBXGroup;
			children = (
				473E30F12C37132500A75CEA /* FavoritesViewController.swift */,
			);
			path = ViewControllers;
			sourceTree = "<group>";
		};
		473E30F32C371C5100A75CEA /* Protocols */ = {
			isa = PBXGroup;
			children = (
				473E30FA2C371CC900A75CEA /* FavoritesProtocol.swift */,
			);
			path = Protocols;
			sourceTree = "<group>";
		};
		473E30F42C371C5A00A75CEA /* Model */ = {
			isa = PBXGroup;
			children = (
				473E30F82C371CBA00A75CEA /* FavoritesModel.swift */,
			);
			path = Model;
			sourceTree = "<group>";
		};
		473E30F52C371C6100A75CEA /* Presenter */ = {
			isa = PBXGroup;
			children = (
				473E30F62C371CAD00A75CEA /* FavoritesPresenter.swift */,
			);
			path = Presenter;
			sourceTree = "<group>";
		};
		473E30FC2C371EB800A75CEA /* View */ = {
			isa = PBXGroup;
			children = (
				473E30FD2C371EC700A75CEA /* FavoritesView.swift */,
			);
			path = View;
			sourceTree = "<group>";
		};
		476FFF712C31AF4600CF8746 /* SearchArticleService */ = {
			isa = PBXGroup;
			children = (
				476FFF722C31AF5F00CF8746 /* SearchArticleService.swift */,
				476FFF742C31AF8C00CF8746 /* GetArticleByQuery.swift */,
			);
			path = SearchArticleService;
			sourceTree = "<group>";
		};
		476FFF772C31BDA500CF8746 /* Shared */ = {
			isa = PBXGroup;
			children = (
				476FFF782C31BDAE00CF8746 /* Pagination.swift */,
			);
			path = Shared;
			sourceTree = "<group>";
		};
		47BE3B362C304A1A005B1120 = {
			isa = PBXGroup;
			children = (
				47BE3B412C304A1A005B1120 /* NewsApp */,
				47BE3B402C304A1A005B1120 /* Products */,
			);
			sourceTree = "<group>";
		};
		47BE3B402C304A1A005B1120 /* Products */ = {
			isa = PBXGroup;
			children = (
				47BE3B3F2C304A1A005B1120 /* NewsApp.app */,
			);
			name = Products;
			sourceTree = "<group>";
		};
		47BE3B412C304A1A005B1120 /* NewsApp */ = {
			isa = PBXGroup;
			children = (
				473E30EC2C37127500A75CEA /* Navigation */,
				476FFF772C31BDA500CF8746 /* Shared */,
				47D9DF4C2C30688B007AA452 /* Extensions */,
				47D9DF282C305A84007AA452 /* Screens */,
				47BE3B642C3052BA005B1120 /* Models */,
				47BE3B592C304EEB005B1120 /* Services */,
				47BE3B422C304A1A005B1120 /* AppDelegate.swift */,
				47BE3B442C304A1A005B1120 /* SceneDelegate.swift */,
				47BE3B482C304A1A005B1120 /* Main.storyboard */,
				47BE3B4E2C304A1B005B1120 /* Assets.xcassets */,
				47BE3B502C304A1B005B1120 /* LaunchScreen.storyboard */,
				47BE3B532C304A1B005B1120 /* Info.plist */,
				47BE3B4B2C304A1A005B1120 /* NewsApp.xcdatamodeld */,
			);
			path = NewsApp;
			sourceTree = "<group>";
		};
		47BE3B592C304EEB005B1120 /* Services */ = {
			isa = PBXGroup;
			children = (
				471A4DA92C397513006B2F95 /* CoreData */,
				47BE3B5C2C305002005B1120 /* Network */,
				47BE3B5A2C304F0F005B1120 /* Config.swift */,
			);
			path = Services;
			sourceTree = "<group>";
		};
		47BE3B5C2C305002005B1120 /* Network */ = {
			isa = PBXGroup;
			children = (
				476FFF712C31AF4600CF8746 /* SearchArticleService */,
				47BE3B5F2C3050D6005B1120 /* TopHeadlinesService */,
				47BE3B5D2C305023005B1120 /* APIClient.swift */,
			);
			path = Network;
			sourceTree = "<group>";
		};
		47BE3B5F2C3050D6005B1120 /* TopHeadlinesService */ = {
			isa = PBXGroup;
			children = (
				47BE3B602C305105005B1120 /* TopHeadlinesService.swift */,
				47BE3B622C30517F005B1120 /* GetTopHeadlinesEndpoint.swift */,
			);
			path = TopHeadlinesService;
			sourceTree = "<group>";
		};
		47BE3B642C3052BA005B1120 /* Models */ = {
			isa = PBXGroup;
			children = (
				471A4DAA2C3976E9006B2F95 /* CoreData */,
				47D9DF462C3063DF007AA452 /* DTO */,
				47BE3B652C3052C2005B1120 /* API */,
			);
			path = Models;
			sourceTree = "<group>";
		};
		47BE3B652C3052C2005B1120 /* API */ = {
			isa = PBXGroup;
			children = (
				47BE3B662C3052D9005B1120 /* TopHeadlines.swift */,
			);
			path = API;
			sourceTree = "<group>";
		};
		47D9DF282C305A84007AA452 /* Screens */ = {
			isa = PBXGroup;
			children = (
				473E30EF2C3712EC00A75CEA /* Favorites */,
				47D9DF292C305AA0007AA452 /* Main */,
			);
			path = Screens;
			sourceTree = "<group>";
		};
		47D9DF292C305AA0007AA452 /* Main */ = {
			isa = PBXGroup;
			children = (
				47D9DF422C305D25007AA452 /* ViewControllers */,
				47D9DF3D2C305C9A007AA452 /* Protocols */,
				47D9DF342C305B49007AA452 /* Model */,
				47D9DF332C305B43007AA452 /* View */,
				47D9DF322C305B3C007AA452 /* Presenter */,
			);
			path = Main;
			sourceTree = "<group>";
		};
		47D9DF322C305B3C007AA452 /* Presenter */ = {
			isa = PBXGroup;
			children = (
				47D9DF402C305D10007AA452 /* MainPresenter.swift */,
			);
			path = Presenter;
			sourceTree = "<group>";
		};
		47D9DF332C305B43007AA452 /* View */ = {
			isa = PBXGroup;
			children = (
				47D9DF3B2C305C45007AA452 /* MainView.swift */,
				47D9DF442C306101007AA452 /* ArticleTableViewCell.swift */,
			);
			path = View;
			sourceTree = "<group>";
		};
		47D9DF342C305B49007AA452 /* Model */ = {
			isa = PBXGroup;
			children = (
				47D9DF352C305B63007AA452 /* MainModel.swift */,
			);
			path = Model;
			sourceTree = "<group>";
		};
		47D9DF3D2C305C9A007AA452 /* Protocols */ = {
			isa = PBXGroup;
			children = (
				47D9DF3E2C305CA6007AA452 /* MainProtocols.swift */,
			);
			path = Protocols;
			sourceTree = "<group>";
		};
		47D9DF422C305D25007AA452 /* ViewControllers */ = {
			isa = PBXGroup;
			children = (
				47D9DF392C305B7F007AA452 /* MainViewContoller.swift */,
			);
			path = ViewControllers;
			sourceTree = "<group>";
		};
		47D9DF462C3063DF007AA452 /* DTO */ = {
			isa = PBXGroup;
			children = (
				47D9DF472C306414007AA452 /* ArticleTableViewCellModel.swift */,
				471A4DB72C397E5C006B2F95 /* CreateFavoriteArticleModel.swift */,
			);
			path = DTO;
			sourceTree = "<group>";
		};
		47D9DF4C2C30688B007AA452 /* Extensions */ = {
			isa = PBXGroup;
			children = (
				47D9DF4D2C3068A1007AA452 /* UIImageView+LoadImage.swift */,
				471A4DB92C3997DA006B2F95 /* Notifications.swift */,
			);
			path = Extensions;
			sourceTree = "<group>";
		};
/* End PBXGroup section */

/* Begin PBXNativeTarget section */
		47BE3B3E2C304A1A005B1120 /* NewsApp */ = {
			isa = PBXNativeTarget;
			buildConfigurationList = 47BE3B562C304A1B005B1120 /* Build configuration list for PBXNativeTarget "NewsApp" */;
			buildPhases = (
				47BE3B3B2C304A1A005B1120 /* Sources */,
				47BE3B3C2C304A1A005B1120 /* Frameworks */,
				47BE3B3D2C304A1A005B1120 /* Resources */,
			);
			buildRules = (
			);
			dependencies = (
			);
			name = NewsApp;
			productName = NewsApp;
			productReference = 47BE3B3F2C304A1A005B1120 /* NewsApp.app */;
			productType = "com.apple.product-type.application";
		};
/* End PBXNativeTarget section */

/* Begin PBXProject section */
		47BE3B372C304A1A005B1120 /* Project object */ = {
			isa = PBXProject;
			attributes = {
				BuildIndependentTargetsInParallel = 1;
				LastSwiftUpdateCheck = 1500;
				LastUpgradeCheck = 1500;
				TargetAttributes = {
					47BE3B3E2C304A1A005B1120 = {
						CreatedOnToolsVersion = 15.0.1;
					};
				};
			};
			buildConfigurationList = 47BE3B3A2C304A1A005B1120 /* Build configuration list for PBXProject "NewsApp" */;
			compatibilityVersion = "Xcode 14.0";
			developmentRegion = en;
			hasScannedForEncodings = 0;
			knownRegions = (
				en,
				Base,
			);
			mainGroup = 47BE3B362C304A1A005B1120;
			productRefGroup = 47BE3B402C304A1A005B1120 /* Products */;
			projectDirPath = "";
			projectRoot = "";
			targets = (
				47BE3B3E2C304A1A005B1120 /* NewsApp */,
			);
		};
/* End PBXProject section */

/* Begin PBXResourcesBuildPhase section */
		47BE3B3D2C304A1A005B1120 /* Resources */ = {
			isa = PBXResourcesBuildPhase;
			buildActionMask = 2147483647;
			files = (
				47BE3B522C304A1B005B1120 /* LaunchScreen.storyboard in Resources */,
				47BE3B4F2C304A1B005B1120 /* Assets.xcassets in Resources */,
				47BE3B4A2C304A1A005B1120 /* Main.storyboard in Resources */,
			);
			runOnlyForDeploymentPostprocessing = 0;
		};
/* End PBXResourcesBuildPhase section */

/* Begin PBXSourcesBuildPhase section */
		47BE3B3B2C304A1A005B1120 /* Sources */ = {
			isa = PBXSourcesBuildPhase;
			buildActionMask = 2147483647;
			files = (
				47D9DF4E2C3068A1007AA452 /* UIImageView+LoadImage.swift in Sources */,
				476FFF752C31AF8C00CF8746 /* GetArticleByQuery.swift in Sources */,
				47D9DF482C306414007AA452 /* ArticleTableViewCellModel.swift in Sources */,
				471A4DB42C397777006B2F95 /* FavoriteArticleCD+CoreDataProperties.swift in Sources */,
				471A4DB32C397777006B2F95 /* FavoriteArticleCD+CoreDataClass.swift in Sources */,
				47BE3B612C305105005B1120 /* TopHeadlinesService.swift in Sources */,
				471A4DB82C397E5C006B2F95 /* CreateFavoriteArticleModel.swift in Sources */,
				47BE3B632C30517F005B1120 /* GetTopHeadlinesEndpoint.swift in Sources */,
				47BE3B672C3052D9005B1120 /* TopHeadlines.swift in Sources */,
				47D9DF3A2C305B7F007AA452 /* MainViewContoller.swift in Sources */,
				473E30FB2C371CC900A75CEA /* FavoritesProtocol.swift in Sources */,
				47BE3B432C304A1A005B1120 /* AppDelegate.swift in Sources */,
				47BE3B5B2C304F0F005B1120 /* Config.swift in Sources */,
				476FFF732C31AF5F00CF8746 /* SearchArticleService.swift in Sources */,
				47D9DF412C305D10007AA452 /* MainPresenter.swift in Sources */,
				476FFF792C31BDAE00CF8746 /* Pagination.swift in Sources */,
				47BE3B4D2C304A1A005B1120 /* NewsApp.xcdatamodeld in Sources */,
				471A4DAC2C3976FA006B2F95 /* CoreDataFavoriteService.swift in Sources */,
				473E30EE2C37128400A75CEA /* TabBarController.swift in Sources */,
				473E30F72C371CAD00A75CEA /* FavoritesPresenter.swift in Sources */,
				47D9DF3C2C305C45007AA452 /* MainView.swift in Sources */,
				47D9DF3F2C305CA6007AA452 /* MainProtocols.swift in Sources */,
				473E30F22C37132500A75CEA /* FavoritesViewController.swift in Sources */,
				47BE3B452C304A1A005B1120 /* SceneDelegate.swift in Sources */,
				473E30FE2C371EC700A75CEA /* FavoritesView.swift in Sources */,
				473E30F92C371CBA00A75CEA /* FavoritesModel.swift in Sources */,
				47D9DF362C305B63007AA452 /* MainModel.swift in Sources */,
				47D9DF452C306101007AA452 /* ArticleTableViewCell.swift in Sources */,
				471A4DBA2C3997DA006B2F95 /* Notifications.swift in Sources */,
				47BE3B5E2C305023005B1120 /* APIClient.swift in Sources */,
				471A4DB62C3977E2006B2F95 /* CoreDataStack.swift in Sources */,
			);
			runOnlyForDeploymentPostprocessing = 0;
		};
/* End PBXSourcesBuildPhase section */

/* Begin PBXVariantGroup section */
		47BE3B482C304A1A005B1120 /* Main.storyboard */ = {
			isa = PBXVariantGroup;
			children = (
				47BE3B492C304A1A005B1120 /* Base */,
			);
			name = Main.storyboard;
			sourceTree = "<group>";
		};
		47BE3B502C304A1B005B1120 /* LaunchScreen.storyboard */ = {
			isa = PBXVariantGroup;
			children = (
				47BE3B512C304A1B005B1120 /* Base */,
			);
			name = LaunchScreen.storyboard;
			sourceTree = "<group>";
		};
/* End PBXVariantGroup section */

/* Begin XCBuildConfiguration section */
		47BE3B542C304A1B005B1120 /* Debug */ = {
			isa = XCBuildConfiguration;
			buildSettings = {
				ALWAYS_SEARCH_USER_PATHS = NO;
				ASSETCATALOG_COMPILER_GENERATE_SWIFT_ASSET_SYMBOL_EXTENSIONS = YES;
				CLANG_ANALYZER_NONNULL = YES;
				CLANG_ANALYZER_NUMBER_OBJECT_CONVERSION = YES_AGGRESSIVE;
				CLANG_CXX_LANGUAGE_STANDARD = "gnu++20";
				CLANG_ENABLE_MODULES = YES;
				CLANG_ENABLE_OBJC_ARC = YES;
				CLANG_ENABLE_OBJC_WEAK = YES;
				CLANG_WARN_BLOCK_CAPTURE_AUTORELEASING = YES;
				CLANG_WARN_BOOL_CONVERSION = YES;
				CLANG_WARN_COMMA = YES;
				CLANG_WARN_CONSTANT_CONVERSION = YES;
				CLANG_WARN_DEPRECATED_OBJC_IMPLEMENTATIONS = YES;
				CLANG_WARN_DIRECT_OBJC_ISA_USAGE = YES_ERROR;
				CLANG_WARN_DOCUMENTATION_COMMENTS = YES;
				CLANG_WARN_EMPTY_BODY = YES;
				CLANG_WARN_ENUM_CONVERSION = YES;
				CLANG_WARN_INFINITE_RECURSION = YES;
				CLANG_WARN_INT_CONVERSION = YES;
				CLANG_WARN_NON_LITERAL_NULL_CONVERSION = YES;
				CLANG_WARN_OBJC_IMPLICIT_RETAIN_SELF = YES;
				CLANG_WARN_OBJC_LITERAL_CONVERSION = YES;
				CLANG_WARN_OBJC_ROOT_CLASS = YES_ERROR;
				CLANG_WARN_QUOTED_INCLUDE_IN_FRAMEWORK_HEADER = YES;
				CLANG_WARN_RANGE_LOOP_ANALYSIS = YES;
				CLANG_WARN_STRICT_PROTOTYPES = YES;
				CLANG_WARN_SUSPICIOUS_MOVE = YES;
				CLANG_WARN_UNGUARDED_AVAILABILITY = YES_AGGRESSIVE;
				CLANG_WARN_UNREACHABLE_CODE = YES;
				CLANG_WARN__DUPLICATE_METHOD_MATCH = YES;
				COPY_PHASE_STRIP = NO;
				DEBUG_INFORMATION_FORMAT = dwarf;
				ENABLE_STRICT_OBJC_MSGSEND = YES;
				ENABLE_TESTABILITY = YES;
				ENABLE_USER_SCRIPT_SANDBOXING = YES;
				GCC_C_LANGUAGE_STANDARD = gnu17;
				GCC_DYNAMIC_NO_PIC = NO;
				GCC_NO_COMMON_BLOCKS = YES;
				GCC_OPTIMIZATION_LEVEL = 0;
				GCC_PREPROCESSOR_DEFINITIONS = (
					"DEBUG=1",
					"$(inherited)",
				);
				GCC_WARN_64_TO_32_BIT_CONVERSION = YES;
				GCC_WARN_ABOUT_RETURN_TYPE = YES_ERROR;
				GCC_WARN_UNDECLARED_SELECTOR = YES;
				GCC_WARN_UNINITIALIZED_AUTOS = YES_AGGRESSIVE;
				GCC_WARN_UNUSED_FUNCTION = YES;
				GCC_WARN_UNUSED_VARIABLE = YES;
				IPHONEOS_DEPLOYMENT_TARGET = 17.0;
				LOCALIZATION_PREFERS_STRING_CATALOGS = YES;
				MTL_ENABLE_DEBUG_INFO = INCLUDE_SOURCE;
				MTL_FAST_MATH = YES;
				ONLY_ACTIVE_ARCH = YES;
				SDKROOT = iphoneos;
				SWIFT_ACTIVE_COMPILATION_CONDITIONS = "DEBUG $(inherited)";
				SWIFT_OPTIMIZATION_LEVEL = "-Onone";
			};
			name = Debug;
		};
		47BE3B552C304A1B005B1120 /* Release */ = {
			isa = XCBuildConfiguration;
			buildSettings = {
				ALWAYS_SEARCH_USER_PATHS = NO;
				ASSETCATALOG_COMPILER_GENERATE_SWIFT_ASSET_SYMBOL_EXTENSIONS = YES;
				CLANG_ANALYZER_NONNULL = YES;
				CLANG_ANALYZER_NUMBER_OBJECT_CONVERSION = YES_AGGRESSIVE;
				CLANG_CXX_LANGUAGE_STANDARD = "gnu++20";
				CLANG_ENABLE_MODULES = YES;
				CLANG_ENABLE_OBJC_ARC = YES;
				CLANG_ENABLE_OBJC_WEAK = YES;
				CLANG_WARN_BLOCK_CAPTURE_AUTORELEASING = YES;
				CLANG_WARN_BOOL_CONVERSION = YES;
				CLANG_WARN_COMMA = YES;
				CLANG_WARN_CONSTANT_CONVERSION = YES;
				CLANG_WARN_DEPRECATED_OBJC_IMPLEMENTATIONS = YES;
				CLANG_WARN_DIRECT_OBJC_ISA_USAGE = YES_ERROR;
				CLANG_WARN_DOCUMENTATION_COMMENTS = YES;
				CLANG_WARN_EMPTY_BODY = YES;
				CLANG_WARN_ENUM_CONVERSION = YES;
				CLANG_WARN_INFINITE_RECURSION = YES;
				CLANG_WARN_INT_CONVERSION = YES;
				CLANG_WARN_NON_LITERAL_NULL_CONVERSION = YES;
				CLANG_WARN_OBJC_IMPLICIT_RETAIN_SELF = YES;
				CLANG_WARN_OBJC_LITERAL_CONVERSION = YES;
				CLANG_WARN_OBJC_ROOT_CLASS = YES_ERROR;
				CLANG_WARN_QUOTED_INCLUDE_IN_FRAMEWORK_HEADER = YES;
				CLANG_WARN_RANGE_LOOP_ANALYSIS = YES;
				CLANG_WARN_STRICT_PROTOTYPES = YES;
				CLANG_WARN_SUSPICIOUS_MOVE = YES;
				CLANG_WARN_UNGUARDED_AVAILABILITY = YES_AGGRESSIVE;
				CLANG_WARN_UNREACHABLE_CODE = YES;
				CLANG_WARN__DUPLICATE_METHOD_MATCH = YES;
				COPY_PHASE_STRIP = NO;
				DEBUG_INFORMATION_FORMAT = "dwarf-with-dsym";
				ENABLE_NS_ASSERTIONS = NO;
				ENABLE_STRICT_OBJC_MSGSEND = YES;
				ENABLE_USER_SCRIPT_SANDBOXING = YES;
				GCC_C_LANGUAGE_STANDARD = gnu17;
				GCC_NO_COMMON_BLOCKS = YES;
				GCC_WARN_64_TO_32_BIT_CONVERSION = YES;
				GCC_WARN_ABOUT_RETURN_TYPE = YES_ERROR;
				GCC_WARN_UNDECLARED_SELECTOR = YES;
				GCC_WARN_UNINITIALIZED_AUTOS = YES_AGGRESSIVE;
				GCC_WARN_UNUSED_FUNCTION = YES;
				GCC_WARN_UNUSED_VARIABLE = YES;
				IPHONEOS_DEPLOYMENT_TARGET = 17.0;
				LOCALIZATION_PREFERS_STRING_CATALOGS = YES;
				MTL_ENABLE_DEBUG_INFO = NO;
				MTL_FAST_MATH = YES;
				SDKROOT = iphoneos;
				SWIFT_COMPILATION_MODE = wholemodule;
				VALIDATE_PRODUCT = YES;
			};
			name = Release;
		};
		47BE3B572C304A1B005B1120 /* Debug */ = {
			isa = XCBuildConfiguration;
			buildSettings = {
				ASSETCATALOG_COMPILER_APPICON_NAME = AppIcon;
				ASSETCATALOG_COMPILER_GLOBAL_ACCENT_COLOR_NAME = AccentColor;
				CODE_SIGN_STYLE = Automatic;
				CURRENT_PROJECT_VERSION = 1;
				GENERATE_INFOPLIST_FILE = YES;
				INFOPLIST_FILE = NewsApp/Info.plist;
				INFOPLIST_KEY_UIApplicationSupportsIndirectInputEvents = YES;
				INFOPLIST_KEY_UILaunchStoryboardName = LaunchScreen;
				INFOPLIST_KEY_UIMainStoryboardFile = Main;
				INFOPLIST_KEY_UISupportedInterfaceOrientations_iPad = "UIInterfaceOrientationPortrait UIInterfaceOrientationPortraitUpsideDown UIInterfaceOrientationLandscapeLeft UIInterfaceOrientationLandscapeRight";
				INFOPLIST_KEY_UISupportedInterfaceOrientations_iPhone = "UIInterfaceOrientationPortrait UIInterfaceOrientationLandscapeLeft UIInterfaceOrientationLandscapeRight";
				LD_RUNPATH_SEARCH_PATHS = (
					"$(inherited)",
					"@executable_path/Frameworks",
				);
				MARKETING_VERSION = 1.0;
				PRODUCT_BUNDLE_IDENTIFIER = igla.NewsApp;
				PRODUCT_NAME = "$(TARGET_NAME)";
				SWIFT_EMIT_LOC_STRINGS = YES;
				SWIFT_VERSION = 5.0;
				TARGETED_DEVICE_FAMILY = "1,2";
			};
			name = Debug;
		};
		47BE3B582C304A1B005B1120 /* Release */ = {
			isa = XCBuildConfiguration;
			buildSettings = {
				ASSETCATALOG_COMPILER_APPICON_NAME = AppIcon;
				ASSETCATALOG_COMPILER_GLOBAL_ACCENT_COLOR_NAME = AccentColor;
				CODE_SIGN_STYLE = Automatic;
				CURRENT_PROJECT_VERSION = 1;
				GENERATE_INFOPLIST_FILE = YES;
				INFOPLIST_FILE = NewsApp/Info.plist;
				INFOPLIST_KEY_UIApplicationSupportsIndirectInputEvents = YES;
				INFOPLIST_KEY_UILaunchStoryboardName = LaunchScreen;
				INFOPLIST_KEY_UIMainStoryboardFile = Main;
				INFOPLIST_KEY_UISupportedInterfaceOrientations_iPad = "UIInterfaceOrientationPortrait UIInterfaceOrientationPortraitUpsideDown UIInterfaceOrientationLandscapeLeft UIInterfaceOrientationLandscapeRight";
				INFOPLIST_KEY_UISupportedInterfaceOrientations_iPhone = "UIInterfaceOrientationPortrait UIInterfaceOrientationLandscapeLeft UIInterfaceOrientationLandscapeRight";
				LD_RUNPATH_SEARCH_PATHS = (
					"$(inherited)",
					"@executable_path/Frameworks",
				);
				MARKETING_VERSION = 1.0;
				PRODUCT_BUNDLE_IDENTIFIER = igla.NewsApp;
				PRODUCT_NAME = "$(TARGET_NAME)";
				SWIFT_EMIT_LOC_STRINGS = YES;
				SWIFT_VERSION = 5.0;
				TARGETED_DEVICE_FAMILY = "1,2";
			};
			name = Release;
		};
/* End XCBuildConfiguration section */

/* Begin XCConfigurationList section */
		47BE3B3A2C304A1A005B1120 /* Build configuration list for PBXProject "NewsApp" */ = {
			isa = XCConfigurationList;
			buildConfigurations = (
				47BE3B542C304A1B005B1120 /* Debug */,
				47BE3B552C304A1B005B1120 /* Release */,
			);
			defaultConfigurationIsVisible = 0;
			defaultConfigurationName = Release;
		};
		47BE3B562C304A1B005B1120 /* Build configuration list for PBXNativeTarget "NewsApp" */ = {
			isa = XCConfigurationList;
			buildConfigurations = (
				47BE3B572C304A1B005B1120 /* Debug */,
				47BE3B582C304A1B005B1120 /* Release */,
			);
			defaultConfigurationIsVisible = 0;
			defaultConfigurationName = Release;
		};
/* End XCConfigurationList section */

/* Begin XCVersionGroup section */
		47BE3B4B2C304A1A005B1120 /* NewsApp.xcdatamodeld */ = {
			isa = XCVersionGroup;
			children = (
				47BE3B4C2C304A1A005B1120 /* NewsApp.xcdatamodel */,
			);
			currentVersion = 47BE3B4C2C304A1A005B1120 /* NewsApp.xcdatamodel */;
			path = NewsApp.xcdatamodeld;
			sourceTree = "<group>";
			versionGroupType = wrapper.xcdatamodel;
		};
/* End XCVersionGroup section */
	};
	rootObject = 47BE3B372C304A1A005B1120 /* Project object */;
}
